
Microsoft Visual Studio Solution File, Format Version 12.00
# Visual Studio Version 16
VisualStudioVersion = 16.0.32228.343
MinimumVisualStudioVersion = 10.0.40219.1
Project("{FAE04EC0-301F-11D3-BF4B-00C04F79EFBC}") = "Arcane.Itec", "Arcane.Itec.csproj", "{62BBB947-2ABD-4FBA-8B7A-D6DAE5E64F4E}"
EndProject
Global
	GlobalSection(SolutionConfigurationPlatforms) = preSolution
		Debug|Any CPU = Debug|Any CPU
		Release|Any CPU = Release|Any CPU
	EndGlobalSection
	GlobalSection(ProjectConfigurationPlatforms) = postSolution
		{62BBB947-2ABD-4FBA-8B7A-D6DAE5E64F4E}.Debug|Any CPU.ActiveCfg = Debug|Any CPU
		{62BBB947-2ABD-4FBA-8B7A-D6DAE5E64F4E}.Debug|Any CPU.Build.0 = Debug|Any CPU
		{62BBB947-2ABD-4FBA-8B7A-D6DAE5E64F4E}.Release|Any CPU.ActiveCfg = Release|Any CPU
		{62BBB947-2ABD-4FBA-8B7A-D6DAE5E64F4E}.Release|Any CPU.Build.0 = Release|Any CPU
	EndGlobalSection
	GlobalSection(SolutionProperties) = preSolution
		HideSolutionNode = FALSE
	EndGlobalSection
	GlobalSection(ExtensibilityGlobals) = postSolution
		SolutionGuid = {534EC76F-128C-4BA9-A1A5-0F8CD6033B5D}
	EndGlobalSection
EndGlobal
