
Microsoft Visual Studio Solution File, Format Version 12.00
# Visual Studio Version 16
VisualStudioVersion = 16.0.32228.343
MinimumVisualStudioVersion = 10.0.40219.1
Project("{9A19103F-16F7-4668-BE54-9A1E7A4F7556}") = "Arcane.Itec", "src\Arcane.Itec.csproj", "{1A7E2354-8122-44EE-9B71-49E26E25D968}"
EndProject
Project("{FAE04EC0-301F-11D3-BF4B-00C04F79EFBC}") = "Arcane.Itec.UT", "Arcane.Itec.UT\Arcane.Itec.UT.csproj", "{2571F25B-9633-49A0-982B-0215573F7636}"
EndProject
Global
	GlobalSection(SolutionConfigurationPlatforms) = preSolution
		Debug|Any CPU = Debug|Any CPU
		Release|Any CPU = Release|Any CPU
	EndGlobalSection
	GlobalSection(ProjectConfigurationPlatforms) = postSolution
		{1A7E2354-8122-44EE-9B71-49E26E25D968}.Debug|Any CPU.ActiveCfg = Debug|Any CPU
		{1A7E2354-8122-44EE-9B71-49E26E25D968}.Debug|Any CPU.Build.0 = Debug|Any CPU
		{1A7E2354-8122-44EE-9B71-49E26E25D968}.Release|Any CPU.ActiveCfg = Release|Any CPU
		{1A7E2354-8122-44EE-9B71-49E26E25D968}.Release|Any CPU.Build.0 = Release|Any CPU
		{2571F25B-9633-49A0-982B-0215573F7636}.Debug|Any CPU.ActiveCfg = Debug|Any CPU
		{2571F25B-9633-49A0-982B-0215573F7636}.Debug|Any CPU.Build.0 = Debug|Any CPU
		{2571F25B-9633-49A0-982B-0215573F7636}.Release|Any CPU.ActiveCfg = Release|Any CPU
		{2571F25B-9633-49A0-982B-0215573F7636}.Release|Any CPU.Build.0 = Release|Any CPU
	EndGlobalSection
	GlobalSection(SolutionProperties) = preSolution
		HideSolutionNode = FALSE
	EndGlobalSection
	GlobalSection(ExtensibilityGlobals) = postSolution
		SolutionGuid = {534EC76F-128C-4BA9-A1A5-0F8CD6033B5D}
	EndGlobalSection
EndGlobal
